// !$*UTF8*$!
{
	archiveVersion = 1;
	classes = {
	};
	objectVersion = 46;
	objects = {

/* Begin PBXBuildFile section */
		965CC74D1EC3713B00A8893D /* LinkWrapper.swift in Sources */ = {isa = PBXBuildFile; fileRef = 965CC74C1EC3713B00A8893D /* LinkWrapper.swift */; };
		965CC7551EC3721000A8893D /* libc++.tbd in Frameworks */ = {isa = PBXBuildFile; fileRef = 965CC7541EC3721000A8893D /* libc++.tbd */; };
/* End PBXBuildFile section */

/* Begin PBXFileReference section */
		965CC7371EC3711400A8893D /* ABLLinkSwiftWrapper.app */ = {isa = PBXFileReference; explicitFileType = wrapper.application; includeInIndex = 0; path = ABLLinkSwiftWrapper.app; sourceTree = BUILT_PRODUCTS_DIR; };
		965CC74C1EC3713B00A8893D /* LinkWrapper.swift */ = {isa = PBXFileReference; fileEncoding = 4; lastKnownFileType = sourcecode.swift; path = LinkWrapper.swift; sourceTree = "<group>"; };
		965CC7541EC3721000A8893D /* libc++.tbd */ = {isa = PBXFileReference; lastKnownFileType = "sourcecode.text-based-dylib-definition"; name = "libc++.tbd"; path = "usr/lib/libc++.tbd"; sourceTree = SDKROOT; };
/* End PBXFileReference section */

/* Begin PBXFrameworksBuildPhase section */
		965CC7341EC3711400A8893D /* Frameworks */ = {
			isa = PBXFrameworksBuildPhase;
			buildActionMask = 2147483647;
			files = (
				965CC7551EC3721000A8893D /* libc++.tbd in Frameworks */,
			);
			runOnlyForDeploymentPostprocessing = 0;
		};
/* End PBXFrameworksBuildPhase section */

/* Begin PBXGroup section */
		965CC72E1EC3711400A8893D = {
			isa = PBXGroup;
			children = (
				965CC7391EC3711400A8893D /* ABLLinkSwiftWrapper */,
				965CC7381EC3711400A8893D /* Products */,
				965CC7531EC3721000A8893D /* Frameworks */,
			);
			sourceTree = "<group>";
		};
		965CC7381EC3711400A8893D /* Products */ = {
			isa = PBXGroup;
			children = (
				965CC7371EC3711400A8893D /* ABLLinkSwiftWrapper.app */,
			);
			name = Products;
			sourceTree = "<group>";
		};
		965CC7391EC3711400A8893D /* ABLLinkSwiftWrapper */ = {
			isa = PBXGroup;
			children = (
				965CC74C1EC3713B00A8893D /* LinkWrapper.swift */,
			);
			path = ABLLinkSwiftWrapper;
			sourceTree = "<group>";
		};
		965CC7531EC3721000A8893D /* Frameworks */ = {
			isa = PBXGroup;
			children = (
				965CC7541EC3721000A8893D /* libc++.tbd */,
			);
			name = Frameworks;
			sourceTree = "<group>";
		};
/* End PBXGroup section */

/* Begin PBXNativeTarget section */
		965CC7361EC3711400A8893D /* ABLLinkSwiftWrapper */ = {
			isa = PBXNativeTarget;
			buildConfigurationList = 965CC7491EC3711400A8893D /* Build configuration list for PBXNativeTarget "ABLLinkSwiftWrapper" */;
			buildPhases = (
				965CC7331EC3711400A8893D /* Sources */,
				965CC7341EC3711400A8893D /* Frameworks */,
				965CC7351EC3711400A8893D /* Resources */,
			);
			buildRules = (
			);
			dependencies = (
			);
			name = ABLLinkSwiftWrapper;
			productName = ABLLinkSwiftWrapper;
			productReference = 965CC7371EC3711400A8893D /* ABLLinkSwiftWrapper.app */;
			productType = "com.apple.product-type.application";
		};
/* End PBXNativeTarget section */

/* Begin PBXProject section */
		965CC72F1EC3711400A8893D /* Project object */ = {
			isa = PBXProject;
			attributes = {
				LastSwiftUpdateCheck = 0830;
				LastUpgradeCheck = 0830;
				ORGANIZATIONNAME = "Jason J. Snell";
				TargetAttributes = {
					965CC7361EC3711400A8893D = {
						CreatedOnToolsVersion = 8.3.2;
						DevelopmentTeam = LN2HJCURK9;
						ProvisioningStyle = Automatic;
					};
				};
			};
			buildConfigurationList = 965CC7321EC3711400A8893D /* Build configuration list for PBXProject "ABLLinkSwiftWrapper" */;
			compatibilityVersion = "Xcode 3.2";
			developmentRegion = English;
			hasScannedForEncodings = 0;
			knownRegions = (
				en,
				Base,
			);
			mainGroup = 965CC72E1EC3711400A8893D;
			productRefGroup = 965CC7381EC3711400A8893D /* Products */;
			projectDirPath = "";
			projectRoot = "";
			targets = (
				965CC7361EC3711400A8893D /* ABLLinkSwiftWrapper */,
			);
		};
/* End PBXProject section */

/* Begin PBXResourcesBuildPhase section */
		965CC7351EC3711400A8893D /* Resources */ = {
			isa = PBXResourcesBuildPhase;
			buildActionMask = 2147483647;
			files = (
			);
			runOnlyForDeploymentPostprocessing = 0;
		};
/* End PBXResourcesBuildPhase section */

/* Begin PBXSourcesBuildPhase section */
		965CC7331EC3711400A8893D /* Sources */ = {
			isa = PBXSourcesBuildPhase;
			buildActionMask = 2147483647;
			files = (
				965CC74D1EC3713B00A8893D /* LinkWrapper.swift in Sources */,
			);
			runOnlyForDeploymentPostprocessing = 0;
		};
/* End PBXSourcesBuildPhase section */

/* Begin XCBuildConfiguration section */
		965CC7471EC3711400A8893D /* Debug */ = {
			isa = XCBuildConfiguration;
			buildSettings = {
				ALWAYS_SEARCH_USER_PATHS = NO;
				CLANG_ANALYZER_NONNULL = YES;
				CLANG_ANALYZER_NUMBER_OBJECT_CONVERSION = YES_AGGRESSIVE;
				CLANG_CXX_LANGUAGE_STANDARD = "gnu++0x";
				CLANG_CXX_LIBRARY = "libc++";
				CLANG_ENABLE_MODULES = YES;
				CLANG_ENABLE_OBJC_ARC = YES;
				CLANG_WARN_BOOL_CONVERSION = YES;
				CLANG_WARN_CONSTANT_CONVERSION = YES;
				CLANG_WARN_DIRECT_OBJC_ISA_USAGE = YES_ERROR;
				CLANG_WARN_DOCUMENTATION_COMMENTS = YES;
				CLANG_WARN_EMPTY_BODY = YES;
				CLANG_WARN_ENUM_CONVERSION = YES;
				CLANG_WARN_INFINITE_RECURSION = YES;
				CLANG_WARN_INT_CONVERSION = YES;
				CLANG_WARN_OBJC_ROOT_CLASS = YES_ERROR;
				CLANG_WARN_SUSPICIOUS_MOVE = YES;
				CLANG_WARN_UNREACHABLE_CODE = YES;
				CLANG_WARN__DUPLICATE_METHOD_MATCH = YES;
				"CODE_SIGN_IDENTITY[sdk=iphoneos*]" = "iPhone Developer";
				COPY_PHASE_STRIP = NO;
				DEBUG_INFORMATION_FORMAT = dwarf;
				ENABLE_STRICT_OBJC_MSGSEND = YES;
				ENABLE_TESTABILITY = YES;
				GCC_C_LANGUAGE_STANDARD = gnu99;
				GCC_DYNAMIC_NO_PIC = NO;
				GCC_NO_COMMON_BLOCKS = YES;
				GCC_OPTIMIZATION_LEVEL = 0;
				GCC_PREPROCESSOR_DEFINITIONS = (
					"DEBUG=1",
					"$(inherited)",
				);
				GCC_WARN_64_TO_32_BIT_CONVERSION = YES;
				GCC_WARN_ABOUT_RETURN_TYPE = YES_ERROR;
				GCC_WARN_UNDECLARED_SELECTOR = YES;
				GCC_WARN_UNINITIALIZED_AUTOS = YES_AGGRESSIVE;
				GCC_WARN_UNUSED_FUNCTION = YES;
				GCC_WARN_UNUSED_VARIABLE = YES;
				IPHONEOS_DEPLOYMENT_TARGET = 10.3;
				MTL_ENABLE_DEBUG_INFO = YES;
				ONLY_ACTIVE_ARCH = YES;
				SDKROOT = iphoneos;
				SWIFT_ACTIVE_COMPILATION_CONDITIONS = DEBUG;
				SWIFT_OPTIMIZATION_LEVEL = "-Onone";
				TARGETED_DEVICE_FAMILY = "1,2";
			};
			name = Debug;
		};
		965CC7481EC3711400A8893D /* Release */ = {
			isa = XCBuildConfiguration;
			buildSettings = {
				ALWAYS_SEARCH_USER_PATHS = NO;
				CLANG_ANALYZER_NONNULL = YES;
				CLANG_ANALYZER_NUMBER_OBJECT_CONVERSION = YES_AGGRESSIVE;
				CLANG_CXX_LANGUAGE_STANDARD = "gnu++0x";
				CLANG_CXX_LIBRARY = "libc++";
				CLANG_ENABLE_MODULES = YES;
				CLANG_ENABLE_OBJC_ARC = YES;
				CLANG_WARN_BOOL_CONVERSION = YES;
				CLANG_WARN_CONSTANT_CONVERSION = YES;
				CLANG_WARN_DIRECT_OBJC_ISA_USAGE = YES_ERROR;
				CLANG_WARN_DOCUMENTATION_COMMENTS = YES;
				CLANG_WARN_EMPTY_BODY = YES;
				CLANG_WARN_ENUM_CONVERSION = YES;
				CLANG_WARN_INFINITE_RECURSION = YES;
				CLANG_WARN_INT_CONVERSION = YES;
				CLANG_WARN_OBJC_ROOT_CLASS = YES_ERROR;
				CLANG_WARN_SUSPICIOUS_MOVE = YES;
				CLANG_WARN_UNREACHABLE_CODE = YES;
				CLANG_WARN__DUPLICATE_METHOD_MATCH = YES;
				"CODE_SIGN_IDENTITY[sdk=iphoneos*]" = "iPhone Developer";
				COPY_PHASE_STRIP = NO;
				DEBUG_INFORMATION_FORMAT = "dwarf-with-dsym";
				ENABLE_NS_ASSERTIONS = NO;
				ENABLE_STRICT_OBJC_MSGSEND = YES;
				GCC_C_LANGUAGE_STANDARD = gnu99;
				GCC_NO_COMMON_BLOCKS = YES;
				GCC_WARN_64_TO_32_BIT_CONVERSION = YES;
				GCC_WARN_ABOUT_RETURN_TYPE = YES_ERROR;
				GCC_WARN_UNDECLARED_SELECTOR = YES;
				GCC_WARN_UNINITIALIZED_AUTOS = YES_AGGRESSIVE;
				GCC_WARN_UNUSED_FUNCTION = YES;
				GCC_WARN_UNUSED_VARIABLE = YES;
				IPHONEOS_DEPLOYMENT_TARGET = 10.3;
				MTL_ENABLE_DEBUG_INFO = NO;
				SDKROOT = iphoneos;
				SWIFT_OPTIMIZATION_LEVEL = "-Owholemodule";
				TARGETED_DEVICE_FAMILY = "1,2";
				VALIDATE_PRODUCT = YES;
			};
			name = Release;
		};
		965CC74A1EC3711400A8893D /* Debug */ = {
			isa = XCBuildConfiguration;
			buildSettings = {
				ASSETCATALOG_COMPILER_APPICON_NAME = AppIcon;
				DEVELOPMENT_TEAM = LN2HJCURK9;
				INFOPLIST_FILE = ABLLinkSwiftWrapper/Info.plist;
				IPHONEOS_DEPLOYMENT_TARGET = 9.0;
				LD_RUNPATH_SEARCH_PATHS = "$(inherited) @executable_path/Frameworks";
				LIBRARY_SEARCH_PATHS = (
					"$(inherited)",
					"$(PROJECT_DIR)/ABLLinkSwiftWrapper",
				);
				PRODUCT_BUNDLE_IDENTIFIER = com.jasonjsnell.ABLLinkSwiftWrapper;
				PRODUCT_NAME = "$(TARGET_NAME)";
				SWIFT_VERSION = 3.0;
			};
			name = Debug;
		};
		965CC74B1EC3711400A8893D /* Release */ = {
			isa = XCBuildConfiguration;
			buildSettings = {
				ASSETCATALOG_COMPILER_APPICON_NAME = AppIcon;
				DEVELOPMENT_TEAM = LN2HJCURK9;
				INFOPLIST_FILE = ABLLinkSwiftWrapper/Info.plist;
				IPHONEOS_DEPLOYMENT_TARGET = 9.0;
				LD_RUNPATH_SEARCH_PATHS = "$(inherited) @executable_path/Frameworks";
				LIBRARY_SEARCH_PATHS = (
					"$(inherited)",
					"$(PROJECT_DIR)/ABLLinkSwiftWrapper",
				);
				PRODUCT_BUNDLE_IDENTIFIER = com.jasonjsnell.ABLLinkSwiftWrapper;
				PRODUCT_NAME = "$(TARGET_NAME)";
				SWIFT_VERSION = 3.0;
			};
			name = Release;
		};
/* End XCBuildConfiguration section */

/* Begin XCConfigurationList section */
		965CC7321EC3711400A8893D /* Build configuration list for PBXProject "ABLLinkSwiftWrapper" */ = {
			isa = XCConfigurationList;
			buildConfigurations = (
				965CC7471EC3711400A8893D /* Debug */,
				965CC7481EC3711400A8893D /* Release */,
			);
			defaultConfigurationIsVisible = 0;
			defaultConfigurationName = Release;
		};
		965CC7491EC3711400A8893D /* Build configuration list for PBXNativeTarget "ABLLinkSwiftWrapper" */ = {
			isa = XCConfigurationList;
			buildConfigurations = (
				965CC74A1EC3711400A8893D /* Debug */,
				965CC74B1EC3711400A8893D /* Release */,
			);
			defaultConfigurationIsVisible = 0;
		};
/* End XCConfigurationList section */
	};
	rootObject = 965CC72F1EC3711400A8893D /* Project object */;
}
